
Microsoft Visual Studio Solution File, Format Version 12.00
# Visual Studio Version 16
VisualStudioVersion = 16.0.30621.155
MinimumVisualStudioVersion = 10.0.40219.1
Project("{FAE04EC0-301F-11D3-BF4B-00C04F79EFBC}") = "topdown_shooter", "topdown_shooter.csproj", "{31379118-9574-4F92-8C0C-4DB177C4ED31}"
EndProject
Global
	GlobalSection(SolutionConfigurationPlatforms) = preSolution
		Debug|Any CPU = Debug|Any CPU
		Release|Any CPU = Release|Any CPU
	EndGlobalSection
	GlobalSection(ProjectConfigurationPlatforms) = postSolution
		{31379118-9574-4F92-8C0C-4DB177C4ED31}.Debug|Any CPU.ActiveCfg = Debug|Any CPU
		{31379118-9574-4F92-8C0C-4DB177C4ED31}.Debug|Any CPU.Build.0 = Debug|Any CPU
		{31379118-9574-4F92-8C0C-4DB177C4ED31}.Release|Any CPU.ActiveCfg = Release|Any CPU
		{31379118-9574-4F92-8C0C-4DB177C4ED31}.Release|Any CPU.Build.0 = Release|Any CPU
	EndGlobalSection
	GlobalSection(SolutionProperties) = preSolution
		HideSolutionNode = FALSE
	EndGlobalSection
	GlobalSection(ExtensibilityGlobals) = postSolution
		SolutionGuid = {A5ADBF70-DAB1-454C-AA57-CF47F419B1E1}
	EndGlobalSection
EndGlobal
